
Microsoft Visual Studio Solution File, Format Version 12.00
# Visual Studio Version 16
VisualStudioVersion = 16.0.31624.102
MinimumVisualStudioVersion = 10.0.40219.1
Project("{FAE04EC0-301F-11D3-BF4B-00C04F79EFBC}") = "ConsoleApp34", "ConsoleApp34.csproj", "{F295EA25-5284-4C85-9659-64B042E5D724}"
EndProject
Global
	GlobalSection(SolutionConfigurationPlatforms) = preSolution
		Debug|Any CPU = Debug|Any CPU
		Release|Any CPU = Release|Any CPU
	EndGlobalSection
	GlobalSection(ProjectConfigurationPlatforms) = postSolution
		{F295EA25-5284-4C85-9659-64B042E5D724}.Debug|Any CPU.ActiveCfg = Debug|Any CPU
		{F295EA25-5284-4C85-9659-64B042E5D724}.Debug|Any CPU.Build.0 = Debug|Any CPU
		{F295EA25-5284-4C85-9659-64B042E5D724}.Release|Any CPU.ActiveCfg = Release|Any CPU
		{F295EA25-5284-4C85-9659-64B042E5D724}.Release|Any CPU.Build.0 = Release|Any CPU
	EndGlobalSection
	GlobalSection(SolutionProperties) = preSolution
		HideSolutionNode = FALSE
	EndGlobalSection
	GlobalSection(ExtensibilityGlobals) = postSolution
		SolutionGuid = {06EF0FD0-BC90-4E3F-A2B4-8CF8D8B242CB}
	EndGlobalSection
EndGlobal
